// !$*UTF8*$!
{
	archiveVersion = 1;
	classes = {
	};
	objectVersion = 77;
	objects = {

/* Begin PBXBuildFile section */
		07374F912D95DD8A00B2C12A /* CurrentView.swift in Sources */ = {isa = PBXBuildFile; fileRef = 07374F902D95DD8A00B2C12A /* CurrentView.swift */; };
		07374F992D95DE0D00B2C12A /* WidgetKit.framework in Frameworks */ = {isa = PBXBuildFile; fileRef = 07374F982D95DE0D00B2C12A /* WidgetKit.framework */; };
		07374F9B2D95DE0D00B2C12A /* SwiftUI.framework in Frameworks */ = {isa = PBXBuildFile; fileRef = 07374F9A2D95DE0D00B2C12A /* SwiftUI.framework */; };
		07374FA42D95DE0E00B2C12A /* ComplicationExtension.appex in Embed Foundation Extensions */ = {isa = PBXBuildFile; fileRef = 07374F962D95DE0D00B2C12A /* ComplicationExtension.appex */; settings = {ATTRIBUTES = (RemoveHeadersOnCopy, ); }; };
/* End PBXBuildFile section */

/* Begin PBXContainerItemProxy section */
		07374FA22D95DE0E00B2C12A /* PBXContainerItemProxy */ = {
			isa = PBXContainerItemProxy;
			containerPortal = 07374F412D95DB1D00B2C12A /* Project object */;
			proxyType = 1;
			remoteGlobalIDString = 07374F952D95DE0D00B2C12A;
			remoteInfo = ComplicationExtension;
		};
/* End PBXContainerItemProxy section */

/* Begin PBXCopyFilesBuildPhase section */
		07374FA92D95DE0E00B2C12A /* Embed Foundation Extensions */ = {
			isa = PBXCopyFilesBuildPhase;
			buildActionMask = 2147483647;
			dstPath = "";
			dstSubfolderSpec = 13;
			files = (
				07374FA42D95DE0E00B2C12A /* ComplicationExtension.appex in Embed Foundation Extensions */,
			);
			name = "Embed Foundation Extensions";
			runOnlyForDeploymentPostprocessing = 0;
		};
/* End PBXCopyFilesBuildPhase section */

/* Begin PBXFileReference section */
		07374F492D95DB1E00B2C12A /* Xpuffr Watch App.app */ = {isa = PBXFileReference; explicitFileType = wrapper.application; includeInIndex = 0; path = "Xpuffr Watch App.app"; sourceTree = BUILT_PRODUCTS_DIR; };
		07374F902D95DD8A00B2C12A /* CurrentView.swift */ = {isa = PBXFileReference; lastKnownFileType = sourcecode.swift; path = CurrentView.swift; sourceTree = "<group>"; };
		07374F962D95DE0D00B2C12A /* ComplicationExtension.appex */ = {isa = PBXFileReference; explicitFileType = "wrapper.app-extension"; includeInIndex = 0; path = ComplicationExtension.appex; sourceTree = BUILT_PRODUCTS_DIR; };
		07374F982D95DE0D00B2C12A /* WidgetKit.framework */ = {isa = PBXFileReference; lastKnownFileType = wrapper.framework; name = WidgetKit.framework; path = System/Library/Frameworks/WidgetKit.framework; sourceTree = SDKROOT; };
		07374F9A2D95DE0D00B2C12A /* SwiftUI.framework */ = {isa = PBXFileReference; lastKnownFileType = wrapper.framework; name = SwiftUI.framework; path = System/Library/Frameworks/SwiftUI.framework; sourceTree = SDKROOT; };
/* End PBXFileReference section */

/* Begin PBXFileSystemSynchronizedBuildFileExceptionSet section */
		07374FA52D95DE0E00B2C12A /* Exceptions for "Complication" folder in "ComplicationExtension" target */ = {
			isa = PBXFileSystemSynchronizedBuildFileExceptionSet;
			membershipExceptions = (
				Info.plist,
			);
			target = 07374F952D95DE0D00B2C12A /* ComplicationExtension */;
		};
/* End PBXFileSystemSynchronizedBuildFileExceptionSet section */

/* Begin PBXFileSystemSynchronizedRootGroup section */
		07374F4B2D95DB1E00B2C12A /* Xpuffr Watch App */ = {
			isa = PBXFileSystemSynchronizedRootGroup;
			path = "Xpuffr Watch App";
			sourceTree = "<group>";
		};
		07374F9C2D95DE0D00B2C12A /* Complication */ = {
			isa = PBXFileSystemSynchronizedRootGroup;
			exceptions = (
				07374FA52D95DE0E00B2C12A /* Exceptions for "Complication" folder in "ComplicationExtension" target */,
			);
			path = Complication;
			sourceTree = "<group>";
		};
/* End PBXFileSystemSynchronizedRootGroup section */

/* Begin PBXFrameworksBuildPhase section */
		07374F462D95DB1E00B2C12A /* Frameworks */ = {
			isa = PBXFrameworksBuildPhase;
			buildActionMask = 2147483647;
			files = (
			);
			runOnlyForDeploymentPostprocessing = 0;
		};
		07374F932D95DE0D00B2C12A /* Frameworks */ = {
			isa = PBXFrameworksBuildPhase;
			buildActionMask = 2147483647;
			files = (
				07374F9B2D95DE0D00B2C12A /* SwiftUI.framework in Frameworks */,
				07374F992D95DE0D00B2C12A /* WidgetKit.framework in Frameworks */,
			);
			runOnlyForDeploymentPostprocessing = 0;
		};
/* End PBXFrameworksBuildPhase section */

/* Begin PBXGroup section */
		07374F402D95DB1D00B2C12A = {
			isa = PBXGroup;
			children = (
				07374F902D95DD8A00B2C12A /* CurrentView.swift */,
				07374F4B2D95DB1E00B2C12A /* Xpuffr Watch App */,
				07374F9C2D95DE0D00B2C12A /* Complication */,
				07374F972D95DE0D00B2C12A /* Frameworks */,
				07374F4A2D95DB1E00B2C12A /* Products */,
			);
			sourceTree = "<group>";
		};
		07374F4A2D95DB1E00B2C12A /* Products */ = {
			isa = PBXGroup;
			children = (
				07374F492D95DB1E00B2C12A /* Xpuffr Watch App.app */,
				07374F962D95DE0D00B2C12A /* ComplicationExtension.appex */,
			);
			name = Products;
			sourceTree = "<group>";
		};
		07374F972D95DE0D00B2C12A /* Frameworks */ = {
			isa = PBXGroup;
			children = (
				07374F982D95DE0D00B2C12A /* WidgetKit.framework */,
				07374F9A2D95DE0D00B2C12A /* SwiftUI.framework */,
			);
			name = Frameworks;
			sourceTree = "<group>";
		};
/* End PBXGroup section */

/* Begin PBXNativeTarget section */
		07374F482D95DB1E00B2C12A /* Xpuffr Watch App */ = {
			isa = PBXNativeTarget;
			buildConfigurationList = 07374F572D95DB1F00B2C12A /* Build configuration list for PBXNativeTarget "Xpuffr Watch App" */;
			buildPhases = (
				07374F452D95DB1E00B2C12A /* Sources */,
				07374F462D95DB1E00B2C12A /* Frameworks */,
				07374F472D95DB1E00B2C12A /* Resources */,
				07374FA92D95DE0E00B2C12A /* Embed Foundation Extensions */,
			);
			buildRules = (
			);
			dependencies = (
				07374FA32D95DE0E00B2C12A /* PBXTargetDependency */,
			);
			fileSystemSynchronizedGroups = (
				07374F4B2D95DB1E00B2C12A /* Xpuffr Watch App */,
			);
			name = "Xpuffr Watch App";
			packageProductDependencies = (
			);
			productName = "Xpuffr Watch App";
			productReference = 07374F492D95DB1E00B2C12A /* Xpuffr Watch App.app */;
			productType = "com.apple.product-type.application";
		};
		07374F952D95DE0D00B2C12A /* ComplicationExtension */ = {
			isa = PBXNativeTarget;
			buildConfigurationList = 07374FA62D95DE0E00B2C12A /* Build configuration list for PBXNativeTarget "ComplicationExtension" */;
			buildPhases = (
				07374F922D95DE0D00B2C12A /* Sources */,
				07374F932D95DE0D00B2C12A /* Frameworks */,
				07374F942D95DE0D00B2C12A /* Resources */,
			);
			buildRules = (
			);
			dependencies = (
			);
			fileSystemSynchronizedGroups = (
				07374F9C2D95DE0D00B2C12A /* Complication */,
			);
			name = ComplicationExtension;
			packageProductDependencies = (
			);
			productName = ComplicationExtension;
			productReference = 07374F962D95DE0D00B2C12A /* ComplicationExtension.appex */;
			productType = "com.apple.product-type.app-extension";
		};
/* End PBXNativeTarget section */

/* Begin PBXProject section */
		07374F412D95DB1D00B2C12A /* Project object */ = {
			isa = PBXProject;
			attributes = {
				BuildIndependentTargetsInParallel = 1;
				LastSwiftUpdateCheck = 1620;
				LastUpgradeCheck = 1620;
				TargetAttributes = {
					07374F482D95DB1E00B2C12A = {
						CreatedOnToolsVersion = 16.2;
					};
					07374F952D95DE0D00B2C12A = {
						CreatedOnToolsVersion = 16.2;
					};
				};
			};
			buildConfigurationList = 07374F442D95DB1D00B2C12A /* Build configuration list for PBXProject "Xpuffr" */;
			developmentRegion = en;
			hasScannedForEncodings = 0;
			knownRegions = (
				en,
				Base,
			);
			mainGroup = 07374F402D95DB1D00B2C12A;
			minimizedProjectReferenceProxies = 1;
			preferredProjectObjectVersion = 77;
			productRefGroup = 07374F4A2D95DB1E00B2C12A /* Products */;
			projectDirPath = "";
			projectRoot = "";
			targets = (
				07374F482D95DB1E00B2C12A /* Xpuffr Watch App */,
				07374F952D95DE0D00B2C12A /* ComplicationExtension */,
			);
		};
/* End PBXProject section */

/* Begin PBXResourcesBuildPhase section */
		07374F472D95DB1E00B2C12A /* Resources */ = {
			isa = PBXResourcesBuildPhase;
			buildActionMask = 2147483647;
			files = (
			);
			runOnlyForDeploymentPostprocessing = 0;
		};
		07374F942D95DE0D00B2C12A /* Resources */ = {
			isa = PBXResourcesBuildPhase;
			buildActionMask = 2147483647;
			files = (
			);
			runOnlyForDeploymentPostprocessing = 0;
		};
/* End PBXResourcesBuildPhase section */

/* Begin PBXSourcesBuildPhase section */
		07374F452D95DB1E00B2C12A /* Sources */ = {
			isa = PBXSourcesBuildPhase;
			buildActionMask = 2147483647;
			files = (
				07374F912D95DD8A00B2C12A /* CurrentView.swift in Sources */,
			);
			runOnlyForDeploymentPostprocessing = 0;
		};
		07374F922D95DE0D00B2C12A /* Sources */ = {
			isa = PBXSourcesBuildPhase;
			buildActionMask = 2147483647;
			files = (
			);
			runOnlyForDeploymentPostprocessing = 0;
		};
/* End PBXSourcesBuildPhase section */

/* Begin PBXTargetDependency section */
		07374FA32D95DE0E00B2C12A /* PBXTargetDependency */ = {
			isa = PBXTargetDependency;
			target = 07374F952D95DE0D00B2C12A /* ComplicationExtension */;
			targetProxy = 07374FA22D95DE0E00B2C12A /* PBXContainerItemProxy */;
		};
/* End PBXTargetDependency section */

/* Begin XCBuildConfiguration section */
		07374F552D95DB1F00B2C12A /* Debug */ = {
			isa = XCBuildConfiguration;
			buildSettings = {
				ALWAYS_SEARCH_USER_PATHS = NO;
				ASSETCATALOG_COMPILER_GENERATE_SWIFT_ASSET_SYMBOL_EXTENSIONS = YES;
				CLANG_ANALYZER_NONNULL = YES;
				CLANG_ANALYZER_NUMBER_OBJECT_CONVERSION = YES_AGGRESSIVE;
				CLANG_CXX_LANGUAGE_STANDARD = "gnu++20";
				CLANG_ENABLE_MODULES = YES;
				CLANG_ENABLE_OBJC_ARC = YES;
				CLANG_ENABLE_OBJC_WEAK = YES;
				CLANG_WARN_BLOCK_CAPTURE_AUTORELEASING = YES;
				CLANG_WARN_BOOL_CONVERSION = YES;
				CLANG_WARN_COMMA = YES;
				CLANG_WARN_CONSTANT_CONVERSION = YES;
				CLANG_WARN_DEPRECATED_OBJC_IMPLEMENTATIONS = YES;
				CLANG_WARN_DIRECT_OBJC_ISA_USAGE = YES_ERROR;
				CLANG_WARN_DOCUMENTATION_COMMENTS = YES;
				CLANG_WARN_EMPTY_BODY = YES;
				CLANG_WARN_ENUM_CONVERSION = YES;
				CLANG_WARN_INFINITE_RECURSION = YES;
				CLANG_WARN_INT_CONVERSION = YES;
				CLANG_WARN_NON_LITERAL_NULL_CONVERSION = YES;
				CLANG_WARN_OBJC_IMPLICIT_RETAIN_SELF = YES;
				CLANG_WARN_OBJC_LITERAL_CONVERSION = YES;
				CLANG_WARN_OBJC_ROOT_CLASS = YES_ERROR;
				CLANG_WARN_QUOTED_INCLUDE_IN_FRAMEWORK_HEADER = YES;
				CLANG_WARN_RANGE_LOOP_ANALYSIS = YES;
				CLANG_WARN_STRICT_PROTOTYPES = YES;
				CLANG_WARN_SUSPICIOUS_MOVE = YES;
				CLANG_WARN_UNGUARDED_AVAILABILITY = YES_AGGRESSIVE;
				CLANG_WARN_UNREACHABLE_CODE = YES;
				CLANG_WARN__DUPLICATE_METHOD_MATCH = YES;
				COPY_PHASE_STRIP = NO;
				DEBUG_INFORMATION_FORMAT = dwarf;
				ENABLE_STRICT_OBJC_MSGSEND = YES;
				ENABLE_TESTABILITY = YES;
				ENABLE_USER_SCRIPT_SANDBOXING = YES;
				GCC_C_LANGUAGE_STANDARD = gnu17;
				GCC_DYNAMIC_NO_PIC = NO;
				GCC_NO_COMMON_BLOCKS = YES;
				GCC_OPTIMIZATION_LEVEL = 0;
				GCC_PREPROCESSOR_DEFINITIONS = (
					"DEBUG=1",
					"$(inherited)",
				);
				GCC_WARN_64_TO_32_BIT_CONVERSION = YES;
				GCC_WARN_ABOUT_RETURN_TYPE = YES_ERROR;
				GCC_WARN_UNDECLARED_SELECTOR = YES;
				GCC_WARN_UNINITIALIZED_AUTOS = YES_AGGRESSIVE;
				GCC_WARN_UNUSED_FUNCTION = YES;
				GCC_WARN_UNUSED_VARIABLE = YES;
				LOCALIZATION_PREFERS_STRING_CATALOGS = YES;
				MTL_ENABLE_DEBUG_INFO = INCLUDE_SOURCE;
				MTL_FAST_MATH = YES;
				ONLY_ACTIVE_ARCH = YES;
				SWIFT_ACTIVE_COMPILATION_CONDITIONS = "DEBUG $(inherited)";
				SWIFT_OPTIMIZATION_LEVEL = "-Onone";
			};
			name = Debug;
		};
		07374F562D95DB1F00B2C12A /* Release */ = {
			isa = XCBuildConfiguration;
			buildSettings = {
				ALWAYS_SEARCH_USER_PATHS = NO;
				ASSETCATALOG_COMPILER_GENERATE_SWIFT_ASSET_SYMBOL_EXTENSIONS = YES;
				CLANG_ANALYZER_NONNULL = YES;
				CLANG_ANALYZER_NUMBER_OBJECT_CONVERSION = YES_AGGRESSIVE;
				CLANG_CXX_LANGUAGE_STANDARD = "gnu++20";
				CLANG_ENABLE_MODULES = YES;
				CLANG_ENABLE_OBJC_ARC = YES;
				CLANG_ENABLE_OBJC_WEAK = YES;
				CLANG_WARN_BLOCK_CAPTURE_AUTORELEASING = YES;
				CLANG_WARN_BOOL_CONVERSION = YES;
				CLANG_WARN_COMMA = YES;
				CLANG_WARN_CONSTANT_CONVERSION = YES;
				CLANG_WARN_DEPRECATED_OBJC_IMPLEMENTATIONS = YES;
				CLANG_WARN_DIRECT_OBJC_ISA_USAGE = YES_ERROR;
				CLANG_WARN_DOCUMENTATION_COMMENTS = YES;
				CLANG_WARN_EMPTY_BODY = YES;
				CLANG_WARN_ENUM_CONVERSION = YES;
				CLANG_WARN_INFINITE_RECURSION = YES;
				CLANG_WARN_INT_CONVERSION = YES;
				CLANG_WARN_NON_LITERAL_NULL_CONVERSION = YES;
				CLANG_WARN_OBJC_IMPLICIT_RETAIN_SELF = YES;
				CLANG_WARN_OBJC_LITERAL_CONVERSION = YES;
				CLANG_WARN_OBJC_ROOT_CLASS = YES_ERROR;
				CLANG_WARN_QUOTED_INCLUDE_IN_FRAMEWORK_HEADER = YES;
				CLANG_WARN_RANGE_LOOP_ANALYSIS = YES;
				CLANG_WARN_STRICT_PROTOTYPES = YES;
				CLANG_WARN_SUSPICIOUS_MOVE = YES;
				CLANG_WARN_UNGUARDED_AVAILABILITY = YES_AGGRESSIVE;
				CLANG_WARN_UNREACHABLE_CODE = YES;
				CLANG_WARN__DUPLICATE_METHOD_MATCH = YES;
				COPY_PHASE_STRIP = NO;
				DEBUG_INFORMATION_FORMAT = "dwarf-with-dsym";
				ENABLE_NS_ASSERTIONS = NO;
				ENABLE_STRICT_OBJC_MSGSEND = YES;
				ENABLE_USER_SCRIPT_SANDBOXING = YES;
				GCC_C_LANGUAGE_STANDARD = gnu17;
				GCC_NO_COMMON_BLOCKS = YES;
				GCC_WARN_64_TO_32_BIT_CONVERSION = YES;
				GCC_WARN_ABOUT_RETURN_TYPE = YES_ERROR;
				GCC_WARN_UNDECLARED_SELECTOR = YES;
				GCC_WARN_UNINITIALIZED_AUTOS = YES_AGGRESSIVE;
				GCC_WARN_UNUSED_FUNCTION = YES;
				GCC_WARN_UNUSED_VARIABLE = YES;
				LOCALIZATION_PREFERS_STRING_CATALOGS = YES;
				MTL_ENABLE_DEBUG_INFO = NO;
				MTL_FAST_MATH = YES;
				SWIFT_COMPILATION_MODE = wholemodule;
			};
			name = Release;
		};
		07374F582D95DB1F00B2C12A /* Debug */ = {
			isa = XCBuildConfiguration;
			buildSettings = {
				ASSETCATALOG_COMPILER_APPICON_NAME = AppIcon;
				ASSETCATALOG_COMPILER_GLOBAL_ACCENT_COLOR_NAME = AccentColor;
				CODE_SIGN_ENTITLEMENTS = "Xpuffr Watch App/Xpuffr Watch App.entitlements";
				CODE_SIGN_STYLE = Automatic;
				CURRENT_PROJECT_VERSION = 1;
				DEVELOPMENT_ASSET_PATHS = "\"Xpuffr Watch App/Preview Content\"";
				DEVELOPMENT_TEAM = GR7QG3SXKF;
				ENABLE_PREVIEWS = YES;
				GENERATE_INFOPLIST_FILE = YES;
				INFOPLIST_KEY_CFBundleDisplayName = Xpuffr;
				INFOPLIST_KEY_NSHealthShareUsageDescription = "Using HeartRate to monitor changes when smoking";
				INFOPLIST_KEY_NSHealthUpdateUsageDescription = "Heart Rate monitoring for XPuffer";
				INFOPLIST_KEY_UISupportedInterfaceOrientations = "UIInterfaceOrientationPortrait UIInterfaceOrientationPortraitUpsideDown";
				INFOPLIST_KEY_WKCompanionAppBundleIdentifier = "";
				LD_RUNPATH_SEARCH_PATHS = (
					"$(inherited)",
					"@executable_path/Frameworks",
				);
				MARKETING_VERSION = 1.0;
				PRODUCT_BUNDLE_IDENTIFIER = .watchkitapp;
				PRODUCT_NAME = "$(TARGET_NAME)";
				SDKROOT = watchos;
				SKIP_INSTALL = YES;
				SWIFT_EMIT_LOC_STRINGS = YES;
				SWIFT_VERSION = 5.0;
				TARGETED_DEVICE_FAMILY = 4;
				WATCHOS_DEPLOYMENT_TARGET = 11.2;
			};
			name = Debug;
		};
		07374F592D95DB1F00B2C12A /* Release */ = {
			isa = XCBuildConfiguration;
			buildSettings = {
				ASSETCATALOG_COMPILER_APPICON_NAME = AppIcon;
				ASSETCATALOG_COMPILER_GLOBAL_ACCENT_COLOR_NAME = AccentColor;
				CODE_SIGN_ENTITLEMENTS = "Xpuffr Watch App/Xpuffr Watch App.entitlements";
				CODE_SIGN_STYLE = Automatic;
				CURRENT_PROJECT_VERSION = 1;
				DEVELOPMENT_ASSET_PATHS = "\"Xpuffr Watch App/Preview Content\"";
				DEVELOPMENT_TEAM = GR7QG3SXKF;
				ENABLE_PREVIEWS = YES;
				GENERATE_INFOPLIST_FILE = YES;
				INFOPLIST_KEY_CFBundleDisplayName = Xpuffr;
				INFOPLIST_KEY_NSHealthShareUsageDescription = "Using HeartRate to monitor changes when smoking";
				INFOPLIST_KEY_NSHealthUpdateUsageDescription = "Heart Rate monitoring for XPuffer";
				INFOPLIST_KEY_UISupportedInterfaceOrientations = "UIInterfaceOrientationPortrait UIInterfaceOrientationPortraitUpsideDown";
				INFOPLIST_KEY_WKCompanionAppBundleIdentifier = "";
				LD_RUNPATH_SEARCH_PATHS = (
					"$(inherited)",
					"@executable_path/Frameworks",
				);
				MARKETING_VERSION = 1.0;
				PRODUCT_BUNDLE_IDENTIFIER = .watchkitapp;
				PRODUCT_NAME = "$(TARGET_NAME)";
				SDKROOT = watchos;
				SKIP_INSTALL = YES;
				SWIFT_EMIT_LOC_STRINGS = YES;
				SWIFT_VERSION = 5.0;
				TARGETED_DEVICE_FAMILY = 4;
				VALIDATE_PRODUCT = YES;
				WATCHOS_DEPLOYMENT_TARGET = 11.2;
			};
			name = Release;
		};
		07374FA72D95DE0E00B2C12A /* Debug */ = {
			isa = XCBuildConfiguration;
			buildSettings = {
				ASSETCATALOG_COMPILER_GLOBAL_ACCENT_COLOR_NAME = AccentColor;
				ASSETCATALOG_COMPILER_WIDGET_BACKGROUND_COLOR_NAME = WidgetBackground;
				CODE_SIGN_STYLE = Automatic;
				CURRENT_PROJECT_VERSION = 1;
				DEVELOPMENT_TEAM = GR7QG3SXKF;
				GENERATE_INFOPLIST_FILE = YES;
				INFOPLIST_FILE = Complication/Info.plist;
				INFOPLIST_KEY_CFBundleDisplayName = Complication;
				INFOPLIST_KEY_NSHumanReadableCopyright = "";
				LD_RUNPATH_SEARCH_PATHS = (
					"$(inherited)",
					"@executable_path/Frameworks",
					"@executable_path/../../Frameworks",
					"@executable_path/../../../../Frameworks",
				);
				MARKETING_VERSION = 1.0;
				PRODUCT_BUNDLE_IDENTIFIER = .watchkitapp.Complication;
				PRODUCT_NAME = "$(TARGET_NAME)";
				SDKROOT = watchos;
				SKIP_INSTALL = YES;
				SWIFT_EMIT_LOC_STRINGS = YES;
				SWIFT_VERSION = 5.0;
				TARGETED_DEVICE_FAMILY = 4;
				WATCHOS_DEPLOYMENT_TARGET = 11.2;
			};
			name = Debug;
		};
		07374FA82D95DE0E00B2C12A /* Release */ = {
			isa = XCBuildConfiguration;
			buildSettings = {
				ASSETCATALOG_COMPILER_GLOBAL_ACCENT_COLOR_NAME = AccentColor;
				ASSETCATALOG_COMPILER_WIDGET_BACKGROUND_COLOR_NAME = WidgetBackground;
				CODE_SIGN_STYLE = Automatic;
				CURRENT_PROJECT_VERSION = 1;
				DEVELOPMENT_TEAM = GR7QG3SXKF;
				GENERATE_INFOPLIST_FILE = YES;
				INFOPLIST_FILE = Complication/Info.plist;
				INFOPLIST_KEY_CFBundleDisplayName = Complication;
				INFOPLIST_KEY_NSHumanReadableCopyright = "";
				LD_RUNPATH_SEARCH_PATHS = (
					"$(inherited)",
					"@executable_path/Frameworks",
					"@executable_path/../../Frameworks",
					"@executable_path/../../../../Frameworks",
				);
				MARKETING_VERSION = 1.0;
				PRODUCT_BUNDLE_IDENTIFIER = .watchkitapp.Complication;
				PRODUCT_NAME = "$(TARGET_NAME)";
				SDKROOT = watchos;
				SKIP_INSTALL = YES;
				SWIFT_EMIT_LOC_STRINGS = YES;
				SWIFT_VERSION = 5.0;
				TARGETED_DEVICE_FAMILY = 4;
				VALIDATE_PRODUCT = YES;
				WATCHOS_DEPLOYMENT_TARGET = 11.2;
			};
			name = Release;
		};
/* End XCBuildConfiguration section */

/* Begin XCConfigurationList section */
		07374F442D95DB1D00B2C12A /* Build configuration list for PBXProject "Xpuffr" */ = {
			isa = XCConfigurationList;
			buildConfigurations = (
				07374F552D95DB1F00B2C12A /* Debug */,
				07374F562D95DB1F00B2C12A /* Release */,
			);
			defaultConfigurationIsVisible = 0;
			defaultConfigurationName = Release;
		};
		07374F572D95DB1F00B2C12A /* Build configuration list for PBXNativeTarget "Xpuffr Watch App" */ = {
			isa = XCConfigurationList;
			buildConfigurations = (
				07374F582D95DB1F00B2C12A /* Debug */,
				07374F592D95DB1F00B2C12A /* Release */,
			);
			defaultConfigurationIsVisible = 0;
			defaultConfigurationName = Release;
		};
		07374FA62D95DE0E00B2C12A /* Build configuration list for PBXNativeTarget "ComplicationExtension" */ = {
			isa = XCConfigurationList;
			buildConfigurations = (
				07374FA72D95DE0E00B2C12A /* Debug */,
				07374FA82D95DE0E00B2C12A /* Release */,
			);
			defaultConfigurationIsVisible = 0;
			defaultConfigurationName = Release;
		};
/* End XCConfigurationList section */
	};
	rootObject = 07374F412D95DB1D00B2C12A /* Project object */;
}
